// !$*UTF8*$!
{
	archiveVersion = 1;
	classes = {
	};
	objectVersion = 55;
	objects = {

/* Begin PBXBuildFile section */
		6504984412462B3D1A91097B /* Pods_BudgetManager.framework in Frameworks */ = {isa = PBXBuildFile; fileRef = 9C8BDCE315E2C94ACDF4360C /* Pods_BudgetManager.framework */; };
		CBE25473E24488A2CDBF5092 /* Pods_BudgetManager_BudgetManagerUITests.framework in Frameworks */ = {isa = PBXBuildFile; fileRef = 838CE86F6CB284C49814F3D6 /* Pods_BudgetManager_BudgetManagerUITests.framework */; };
		DDD4273B7FF5B3C2B5FE84BA /* Pods_BudgetManagerTests.framework in Frameworks */ = {isa = PBXBuildFile; fileRef = 3B0F98707390C76D904BD0C7 /* Pods_BudgetManagerTests.framework */; };
		DF15E0AC2998FAF00020340A /* CustomButton.swift in Sources */ = {isa = PBXBuildFile; fileRef = DF15E0AB2998FAF00020340A /* CustomButton.swift */; };
		DF15E0AE2998FDDE0020340A /* CustomTxtField.swift in Sources */ = {isa = PBXBuildFile; fileRef = DF15E0AD2998FDDE0020340A /* CustomTxtField.swift */; };
		DF15E0B0299A0BB90020340A /* CustomSegmentedControl.swift in Sources */ = {isa = PBXBuildFile; fileRef = DF15E0AF299A0BB90020340A /* CustomSegmentedControl.swift */; };
		DF15E0B2299A0DE50020340A /* CustomColors.swift in Sources */ = {isa = PBXBuildFile; fileRef = DF15E0B1299A0DE50020340A /* CustomColors.swift */; };
		DF21D2D429906A4200EA6FAB /* AppDelegate.swift in Sources */ = {isa = PBXBuildFile; fileRef = DF21D2D329906A4200EA6FAB /* AppDelegate.swift */; };
		DF21D2D629906A4200EA6FAB /* SceneDelegate.swift in Sources */ = {isa = PBXBuildFile; fileRef = DF21D2D529906A4200EA6FAB /* SceneDelegate.swift */; };
		DF21D2DB29906A4200EA6FAB /* Main.storyboard in Resources */ = {isa = PBXBuildFile; fileRef = DF21D2D929906A4200EA6FAB /* Main.storyboard */; };
		DF21D2DD29906A4400EA6FAB /* Assets.xcassets in Resources */ = {isa = PBXBuildFile; fileRef = DF21D2DC29906A4400EA6FAB /* Assets.xcassets */; };
		DF21D2E029906A4400EA6FAB /* LaunchScreen.storyboard in Resources */ = {isa = PBXBuildFile; fileRef = DF21D2DE29906A4400EA6FAB /* LaunchScreen.storyboard */; };
		DF21D2EB29906A4400EA6FAB /* BudgetManagerTests.swift in Sources */ = {isa = PBXBuildFile; fileRef = DF21D2EA29906A4400EA6FAB /* BudgetManagerTests.swift */; };
		DF21D2F529906A4400EA6FAB /* BudgetManagerUITests.swift in Sources */ = {isa = PBXBuildFile; fileRef = DF21D2F429906A4400EA6FAB /* BudgetManagerUITests.swift */; };
		DF21D2F729906A4400EA6FAB /* BudgetManagerUITestsLaunchTests.swift in Sources */ = {isa = PBXBuildFile; fileRef = DF21D2F629906A4400EA6FAB /* BudgetManagerUITestsLaunchTests.swift */; };
		DF21D3072991CE5600EA6FAB /* Customer.swift in Sources */ = {isa = PBXBuildFile; fileRef = DF21D3062991CE5600EA6FAB /* Customer.swift */; };
		DF21D3092991CE6800EA6FAB /* Wallet.swift in Sources */ = {isa = PBXBuildFile; fileRef = DF21D3082991CE6800EA6FAB /* Wallet.swift */; };
		DF21D30B2991CE7800EA6FAB /* Categories.swift in Sources */ = {isa = PBXBuildFile; fileRef = DF21D30A2991CE7800EA6FAB /* Categories.swift */; };
		DF21D30D2991CE8600EA6FAB /* Transactions.swift in Sources */ = {isa = PBXBuildFile; fileRef = DF21D30C2991CE8600EA6FAB /* Transactions.swift */; };
		DF21D311299243FE00EA6FAB /* LoginWithEmailViewController.swift in Sources */ = {isa = PBXBuildFile; fileRef = DF21D310299243FE00EA6FAB /* LoginWithEmailViewController.swift */; };
		DF21D3132992441D00EA6FAB /* SignUpViewController.swift in Sources */ = {isa = PBXBuildFile; fileRef = DF21D3122992441D00EA6FAB /* SignUpViewController.swift */; };
		DF21D3152992442E00EA6FAB /* HomeViewController.swift in Sources */ = {isa = PBXBuildFile; fileRef = DF21D3142992442E00EA6FAB /* HomeViewController.swift */; };
		DF21D3172992444A00EA6FAB /* TransactionDetailedViewController.swift in Sources */ = {isa = PBXBuildFile; fileRef = DF21D3162992444A00EA6FAB /* TransactionDetailedViewController.swift */; };
		DF21D31B2992448300EA6FAB /* UserSettingsViewController.swift in Sources */ = {isa = PBXBuildFile; fileRef = DF21D31A2992448300EA6FAB /* UserSettingsViewController.swift */; };
		DF233D4F29986FE80038DE52 /* InputTransactionTableViewController.swift in Sources */ = {isa = PBXBuildFile; fileRef = DF233D4E29986FE80038DE52 /* InputTransactionTableViewController.swift */; };
		DF57CDB22A11ADF200958474 /* GoogleService-Info.plist in Resources */ = {isa = PBXBuildFile; fileRef = DF57CDB12A11ADF200958474 /* GoogleService-Info.plist */; };
		DF7BDE122993942D004696BB /* Constants.swift in Sources */ = {isa = PBXBuildFile; fileRef = DF7BDE112993942D004696BB /* Constants.swift */; };
		DF80C0F729B549780025A37B /* CategoryCollectionViewCell.swift in Sources */ = {isa = PBXBuildFile; fileRef = DF80C0F629B549780025A37B /* CategoryCollectionViewCell.swift */; };
		DF86E76D29AC2B5700E912D9 /* DataController.swift in Sources */ = {isa = PBXBuildFile; fileRef = DF86E76C29AC2B5700E912D9 /* DataController.swift */; };
		DF9A38F629D41CCF00291940 /* Extentions.swift in Sources */ = {isa = PBXBuildFile; fileRef = DF9A38F529D41CCE00291940 /* Extentions.swift */; };
		DF9A38F829D41D7A00291940 /* PasswordValidatonObj.swift in Sources */ = {isa = PBXBuildFile; fileRef = DF9A38F729D41D7A00291940 /* PasswordValidatonObj.swift */; };
		DFB571FC29A31B2900B92639 /* TransactionsTableViewCell.swift in Sources */ = {isa = PBXBuildFile; fileRef = DFB571FB29A31B2900B92639 /* TransactionsTableViewCell.swift */; };
		DFCE90B82B737E29007A9DDC /* AboutViewController.swift in Sources */ = {isa = PBXBuildFile; fileRef = DFCE90B72B737E29007A9DDC /* AboutViewController.swift */; };
		DFD7DBA82B1BE01F00F0760B /* MenuViewController.swift in Sources */ = {isa = PBXBuildFile; fileRef = DFD7DBA72B1BE01F00F0760B /* MenuViewController.swift */; };
		DFD7DBAA2B24750B00F0760B /* SelectCategoryViewController.swift in Sources */ = {isa = PBXBuildFile; fileRef = DFD7DBA92B24750B00F0760B /* SelectCategoryViewController.swift */; };
		DFF3485029ECA61B0022C684 /* APIError.swift in Sources */ = {isa = PBXBuildFile; fileRef = DFF3484F29ECA61B0022C684 /* APIError.swift */; };
		DFF348532A007F6E0022C684 /* credentials.plist in Resources */ = {isa = PBXBuildFile; fileRef = DFF348522A007F6E0022C684 /* credentials.plist */; };
/* End PBXBuildFile section */

/* Begin PBXContainerItemProxy section */
		DF21D2E729906A4400EA6FAB /* PBXContainerItemProxy */ = {
			isa = PBXContainerItemProxy;
			containerPortal = DF21D2C829906A4200EA6FAB /* Project object */;
			proxyType = 1;
			remoteGlobalIDString = DF21D2CF29906A4200EA6FAB;
			remoteInfo = BudgetManager;
		};
		DF21D2F129906A4400EA6FAB /* PBXContainerItemProxy */ = {
			isa = PBXContainerItemProxy;
			containerPortal = DF21D2C829906A4200EA6FAB /* Project object */;
			proxyType = 1;
			remoteGlobalIDString = DF21D2CF29906A4200EA6FAB;
			remoteInfo = BudgetManager;
		};
/* End PBXContainerItemProxy section */

/* Begin PBXFileReference section */
		1022543324FC43F4115007DA /* Pods-BudgetManager.debug.xcconfig */ = {isa = PBXFileReference; includeInIndex = 1; lastKnownFileType = text.xcconfig; name = "Pods-BudgetManager.debug.xcconfig"; path = "Target Support Files/Pods-BudgetManager/Pods-BudgetManager.debug.xcconfig"; sourceTree = "<group>"; };
		266FF94B476A24CA16F3C643 /* Pods-BudgetManager-BudgetManagerUITests.debug.xcconfig */ = {isa = PBXFileReference; includeInIndex = 1; lastKnownFileType = text.xcconfig; name = "Pods-BudgetManager-BudgetManagerUITests.debug.xcconfig"; path = "Target Support Files/Pods-BudgetManager-BudgetManagerUITests/Pods-BudgetManager-BudgetManagerUITests.debug.xcconfig"; sourceTree = "<group>"; };
		3ADF3040D75EC88B14D6D735 /* Pods-BudgetManager-BudgetManagerUITests.release.xcconfig */ = {isa = PBXFileReference; includeInIndex = 1; lastKnownFileType = text.xcconfig; name = "Pods-BudgetManager-BudgetManagerUITests.release.xcconfig"; path = "Target Support Files/Pods-BudgetManager-BudgetManagerUITests/Pods-BudgetManager-BudgetManagerUITests.release.xcconfig"; sourceTree = "<group>"; };
		3B0F98707390C76D904BD0C7 /* Pods_BudgetManagerTests.framework */ = {isa = PBXFileReference; explicitFileType = wrapper.framework; includeInIndex = 0; path = Pods_BudgetManagerTests.framework; sourceTree = BUILT_PRODUCTS_DIR; };
		41BE46E80AB85DC59157C861 /* Pods-BudgetManagerTests.release.xcconfig */ = {isa = PBXFileReference; includeInIndex = 1; lastKnownFileType = text.xcconfig; name = "Pods-BudgetManagerTests.release.xcconfig"; path = "Target Support Files/Pods-BudgetManagerTests/Pods-BudgetManagerTests.release.xcconfig"; sourceTree = "<group>"; };
		7F0B2F7038C8A2338DE5F95C /* Pods-BudgetManagerTests.debug.xcconfig */ = {isa = PBXFileReference; includeInIndex = 1; lastKnownFileType = text.xcconfig; name = "Pods-BudgetManagerTests.debug.xcconfig"; path = "Target Support Files/Pods-BudgetManagerTests/Pods-BudgetManagerTests.debug.xcconfig"; sourceTree = "<group>"; };
		838CE86F6CB284C49814F3D6 /* Pods_BudgetManager_BudgetManagerUITests.framework */ = {isa = PBXFileReference; explicitFileType = wrapper.framework; includeInIndex = 0; path = Pods_BudgetManager_BudgetManagerUITests.framework; sourceTree = BUILT_PRODUCTS_DIR; };
		98A304706846E95161151B99 /* Pods-BudgetManager.release.xcconfig */ = {isa = PBXFileReference; includeInIndex = 1; lastKnownFileType = text.xcconfig; name = "Pods-BudgetManager.release.xcconfig"; path = "Target Support Files/Pods-BudgetManager/Pods-BudgetManager.release.xcconfig"; sourceTree = "<group>"; };
		9C8BDCE315E2C94ACDF4360C /* Pods_BudgetManager.framework */ = {isa = PBXFileReference; explicitFileType = wrapper.framework; includeInIndex = 0; path = Pods_BudgetManager.framework; sourceTree = BUILT_PRODUCTS_DIR; };
		DF15E0AB2998FAF00020340A /* CustomButton.swift */ = {isa = PBXFileReference; lastKnownFileType = sourcecode.swift; path = CustomButton.swift; sourceTree = "<group>"; };
		DF15E0AD2998FDDE0020340A /* CustomTxtField.swift */ = {isa = PBXFileReference; lastKnownFileType = sourcecode.swift; path = CustomTxtField.swift; sourceTree = "<group>"; };
		DF15E0AF299A0BB90020340A /* CustomSegmentedControl.swift */ = {isa = PBXFileReference; lastKnownFileType = sourcecode.swift; path = CustomSegmentedControl.swift; sourceTree = "<group>"; };
		DF15E0B1299A0DE50020340A /* CustomColors.swift */ = {isa = PBXFileReference; lastKnownFileType = sourcecode.swift; path = CustomColors.swift; sourceTree = "<group>"; };
		DF21D2D029906A4200EA6FAB /* BudgetManager.app */ = {isa = PBXFileReference; explicitFileType = wrapper.application; includeInIndex = 0; path = BudgetManager.app; sourceTree = BUILT_PRODUCTS_DIR; };
		DF21D2D329906A4200EA6FAB /* AppDelegate.swift */ = {isa = PBXFileReference; lastKnownFileType = sourcecode.swift; path = AppDelegate.swift; sourceTree = "<group>"; };
		DF21D2D529906A4200EA6FAB /* SceneDelegate.swift */ = {isa = PBXFileReference; lastKnownFileType = sourcecode.swift; path = SceneDelegate.swift; sourceTree = "<group>"; };
		DF21D2DA29906A4200EA6FAB /* Base */ = {isa = PBXFileReference; lastKnownFileType = file.storyboard; name = Base; path = Base.lproj/Main.storyboard; sourceTree = "<group>"; };
		DF21D2DC29906A4400EA6FAB /* Assets.xcassets */ = {isa = PBXFileReference; lastKnownFileType = folder.assetcatalog; path = Assets.xcassets; sourceTree = "<group>"; };
		DF21D2DF29906A4400EA6FAB /* Base */ = {isa = PBXFileReference; lastKnownFileType = file.storyboard; name = Base; path = Base.lproj/LaunchScreen.storyboard; sourceTree = "<group>"; };
		DF21D2E129906A4400EA6FAB /* Info.plist */ = {isa = PBXFileReference; lastKnownFileType = text.plist.xml; path = Info.plist; sourceTree = "<group>"; };
		DF21D2E629906A4400EA6FAB /* BudgetManagerTests.xctest */ = {isa = PBXFileReference; explicitFileType = wrapper.cfbundle; includeInIndex = 0; path = BudgetManagerTests.xctest; sourceTree = BUILT_PRODUCTS_DIR; };
		DF21D2EA29906A4400EA6FAB /* BudgetManagerTests.swift */ = {isa = PBXFileReference; lastKnownFileType = sourcecode.swift; path = BudgetManagerTests.swift; sourceTree = "<group>"; };
		DF21D2F029906A4400EA6FAB /* BudgetManagerUITests.xctest */ = {isa = PBXFileReference; explicitFileType = wrapper.cfbundle; includeInIndex = 0; path = BudgetManagerUITests.xctest; sourceTree = BUILT_PRODUCTS_DIR; };
		DF21D2F429906A4400EA6FAB /* BudgetManagerUITests.swift */ = {isa = PBXFileReference; lastKnownFileType = sourcecode.swift; path = BudgetManagerUITests.swift; sourceTree = "<group>"; };
		DF21D2F629906A4400EA6FAB /* BudgetManagerUITestsLaunchTests.swift */ = {isa = PBXFileReference; lastKnownFileType = sourcecode.swift; path = BudgetManagerUITestsLaunchTests.swift; sourceTree = "<group>"; };
		DF21D3062991CE5600EA6FAB /* Customer.swift */ = {isa = PBXFileReference; lastKnownFileType = sourcecode.swift; path = Customer.swift; sourceTree = "<group>"; };
		DF21D3082991CE6800EA6FAB /* Wallet.swift */ = {isa = PBXFileReference; lastKnownFileType = sourcecode.swift; path = Wallet.swift; sourceTree = "<group>"; };
		DF21D30A2991CE7800EA6FAB /* Categories.swift */ = {isa = PBXFileReference; lastKnownFileType = sourcecode.swift; path = Categories.swift; sourceTree = "<group>"; };
		DF21D30C2991CE8600EA6FAB /* Transactions.swift */ = {isa = PBXFileReference; lastKnownFileType = sourcecode.swift; path = Transactions.swift; sourceTree = "<group>"; };
		DF21D310299243FE00EA6FAB /* LoginWithEmailViewController.swift */ = {isa = PBXFileReference; lastKnownFileType = sourcecode.swift; path = LoginWithEmailViewController.swift; sourceTree = "<group>"; };
		DF21D3122992441D00EA6FAB /* SignUpViewController.swift */ = {isa = PBXFileReference; lastKnownFileType = sourcecode.swift; path = SignUpViewController.swift; sourceTree = "<group>"; };
		DF21D3142992442E00EA6FAB /* HomeViewController.swift */ = {isa = PBXFileReference; lastKnownFileType = sourcecode.swift; path = HomeViewController.swift; sourceTree = "<group>"; };
		DF21D3162992444A00EA6FAB /* TransactionDetailedViewController.swift */ = {isa = PBXFileReference; lastKnownFileType = sourcecode.swift; path = TransactionDetailedViewController.swift; sourceTree = "<group>"; };
		DF21D31A2992448300EA6FAB /* UserSettingsViewController.swift */ = {isa = PBXFileReference; lastKnownFileType = sourcecode.swift; path = UserSettingsViewController.swift; sourceTree = "<group>"; };
		DF233D4E29986FE80038DE52 /* InputTransactionTableViewController.swift */ = {isa = PBXFileReference; lastKnownFileType = sourcecode.swift; path = InputTransactionTableViewController.swift; sourceTree = "<group>"; };
		DF57CDB12A11ADF200958474 /* GoogleService-Info.plist */ = {isa = PBXFileReference; fileEncoding = 4; lastKnownFileType = text.plist.xml; path = "GoogleService-Info.plist"; sourceTree = "<group>"; };
		DF7BDE112993942D004696BB /* Constants.swift */ = {isa = PBXFileReference; lastKnownFileType = sourcecode.swift; path = Constants.swift; sourceTree = "<group>"; };
		DF80C0F629B549780025A37B /* CategoryCollectionViewCell.swift */ = {isa = PBXFileReference; lastKnownFileType = sourcecode.swift; path = CategoryCollectionViewCell.swift; sourceTree = "<group>"; };
		DF86E76C29AC2B5700E912D9 /* DataController.swift */ = {isa = PBXFileReference; lastKnownFileType = sourcecode.swift; path = DataController.swift; sourceTree = "<group>"; };
		DF9A38F529D41CCE00291940 /* Extentions.swift */ = {isa = PBXFileReference; fileEncoding = 4; lastKnownFileType = sourcecode.swift; path = Extentions.swift; sourceTree = "<group>"; };
		DF9A38F729D41D7A00291940 /* PasswordValidatonObj.swift */ = {isa = PBXFileReference; lastKnownFileType = sourcecode.swift; path = PasswordValidatonObj.swift; sourceTree = "<group>"; };
		DFB571FB29A31B2900B92639 /* TransactionsTableViewCell.swift */ = {isa = PBXFileReference; lastKnownFileType = sourcecode.swift; path = TransactionsTableViewCell.swift; sourceTree = "<group>"; };
		DFCE90B72B737E29007A9DDC /* AboutViewController.swift */ = {isa = PBXFileReference; lastKnownFileType = sourcecode.swift; path = AboutViewController.swift; sourceTree = "<group>"; };
		DFD7DBA72B1BE01F00F0760B /* MenuViewController.swift */ = {isa = PBXFileReference; lastKnownFileType = sourcecode.swift; path = MenuViewController.swift; sourceTree = "<group>"; };
		DFD7DBA92B24750B00F0760B /* SelectCategoryViewController.swift */ = {isa = PBXFileReference; lastKnownFileType = sourcecode.swift; path = SelectCategoryViewController.swift; sourceTree = "<group>"; };
		DFE57017299B401E00F7B2C4 /* BudgetManager.entitlements */ = {isa = PBXFileReference; lastKnownFileType = text.plist.entitlements; path = BudgetManager.entitlements; sourceTree = "<group>"; };
		DFF3484F29ECA61B0022C684 /* APIError.swift */ = {isa = PBXFileReference; lastKnownFileType = sourcecode.swift; path = APIError.swift; sourceTree = "<group>"; };
		DFF348522A007F6E0022C684 /* credentials.plist */ = {isa = PBXFileReference; fileEncoding = 4; lastKnownFileType = text.plist.xml; path = credentials.plist; sourceTree = "<group>"; };
/* End PBXFileReference section */

/* Begin PBXFrameworksBuildPhase section */
		DF21D2CD29906A4200EA6FAB /* Frameworks */ = {
			isa = PBXFrameworksBuildPhase;
			buildActionMask = 2147483647;
			files = (
				6504984412462B3D1A91097B /* Pods_BudgetManager.framework in Frameworks */,
			);
			runOnlyForDeploymentPostprocessing = 0;
		};
		DF21D2E329906A4400EA6FAB /* Frameworks */ = {
			isa = PBXFrameworksBuildPhase;
			buildActionMask = 2147483647;
			files = (
				DDD4273B7FF5B3C2B5FE84BA /* Pods_BudgetManagerTests.framework in Frameworks */,
			);
			runOnlyForDeploymentPostprocessing = 0;
		};
		DF21D2ED29906A4400EA6FAB /* Frameworks */ = {
			isa = PBXFrameworksBuildPhase;
			buildActionMask = 2147483647;
			files = (
				CBE25473E24488A2CDBF5092 /* Pods_BudgetManager_BudgetManagerUITests.framework in Frameworks */,
			);
			runOnlyForDeploymentPostprocessing = 0;
		};
/* End PBXFrameworksBuildPhase section */

/* Begin PBXGroup section */
		9BCF0B9359013976FAC12413 /* Pods */ = {
			isa = PBXGroup;
			children = (
				1022543324FC43F4115007DA /* Pods-BudgetManager.debug.xcconfig */,
				98A304706846E95161151B99 /* Pods-BudgetManager.release.xcconfig */,
				266FF94B476A24CA16F3C643 /* Pods-BudgetManager-BudgetManagerUITests.debug.xcconfig */,
				3ADF3040D75EC88B14D6D735 /* Pods-BudgetManager-BudgetManagerUITests.release.xcconfig */,
				7F0B2F7038C8A2338DE5F95C /* Pods-BudgetManagerTests.debug.xcconfig */,
				41BE46E80AB85DC59157C861 /* Pods-BudgetManagerTests.release.xcconfig */,
			);
			path = Pods;
			sourceTree = "<group>";
		};
		CD18F18C047DF1053F69C2C0 /* Frameworks */ = {
			isa = PBXGroup;
			children = (
				9C8BDCE315E2C94ACDF4360C /* Pods_BudgetManager.framework */,
				838CE86F6CB284C49814F3D6 /* Pods_BudgetManager_BudgetManagerUITests.framework */,
				3B0F98707390C76D904BD0C7 /* Pods_BudgetManagerTests.framework */,
			);
			name = Frameworks;
			sourceTree = "<group>";
		};
		DF21D2C729906A4200EA6FAB = {
			isa = PBXGroup;
			children = (
				DF21D2D229906A4200EA6FAB /* BudgetManager */,
				DF21D2E929906A4400EA6FAB /* BudgetManagerTests */,
				DF21D2F329906A4400EA6FAB /* BudgetManagerUITests */,
				DF21D2D129906A4200EA6FAB /* Products */,
				9BCF0B9359013976FAC12413 /* Pods */,
				CD18F18C047DF1053F69C2C0 /* Frameworks */,
			);
			sourceTree = "<group>";
		};
		DF21D2D129906A4200EA6FAB /* Products */ = {
			isa = PBXGroup;
			children = (
				DF21D2D029906A4200EA6FAB /* BudgetManager.app */,
				DF21D2E629906A4400EA6FAB /* BudgetManagerTests.xctest */,
				DF21D2F029906A4400EA6FAB /* BudgetManagerUITests.xctest */,
			);
			name = Products;
			sourceTree = "<group>";
		};
		DF21D2D229906A4200EA6FAB /* BudgetManager */ = {
			isa = PBXGroup;
			children = (
				DFE57017299B401E00F7B2C4 /* BudgetManager.entitlements */,
				DF21D2D329906A4200EA6FAB /* AppDelegate.swift */,
				DF21D2D529906A4200EA6FAB /* SceneDelegate.swift */,
				DF21D3032991CC1000EA6FAB /* Model */,
				DF21D3042991CC1900EA6FAB /* View */,
				DF21D3052991CC2300EA6FAB /* Controller */,
				DF7BDE1029939412004696BB /* SupportFiles */,
				DF21D2D929906A4200EA6FAB /* Main.storyboard */,
				DF21D2DC29906A4400EA6FAB /* Assets.xcassets */,
				DF21D2DE29906A4400EA6FAB /* LaunchScreen.storyboard */,
				DF21D2E129906A4400EA6FAB /* Info.plist */,
				DF57CDB12A11ADF200958474 /* GoogleService-Info.plist */,
				DFF348522A007F6E0022C684 /* credentials.plist */,
			);
			path = BudgetManager;
			sourceTree = "<group>";
		};
		DF21D2E929906A4400EA6FAB /* BudgetManagerTests */ = {
			isa = PBXGroup;
			children = (
				DF21D2EA29906A4400EA6FAB /* BudgetManagerTests.swift */,
			);
			path = BudgetManagerTests;
			sourceTree = "<group>";
		};
		DF21D2F329906A4400EA6FAB /* BudgetManagerUITests */ = {
			isa = PBXGroup;
			children = (
				DF21D2F429906A4400EA6FAB /* BudgetManagerUITests.swift */,
				DF21D2F629906A4400EA6FAB /* BudgetManagerUITestsLaunchTests.swift */,
			);
			path = BudgetManagerUITests;
			sourceTree = "<group>";
		};
		DF21D3032991CC1000EA6FAB /* Model */ = {
			isa = PBXGroup;
			children = (
				DF21D3062991CE5600EA6FAB /* Customer.swift */,
				DF21D3082991CE6800EA6FAB /* Wallet.swift */,
				DF21D30C2991CE8600EA6FAB /* Transactions.swift */,
				DF21D30A2991CE7800EA6FAB /* Categories.swift */,
				DFF3484F29ECA61B0022C684 /* APIError.swift */,
			);
			path = Model;
			sourceTree = "<group>";
		};
		DF21D3042991CC1900EA6FAB /* View */ = {
			isa = PBXGroup;
			children = (
				DF15E0AB2998FAF00020340A /* CustomButton.swift */,
				DF15E0AD2998FDDE0020340A /* CustomTxtField.swift */,
				DF15E0AF299A0BB90020340A /* CustomSegmentedControl.swift */,
				DFB571FB29A31B2900B92639 /* TransactionsTableViewCell.swift */,
				DF80C0F629B549780025A37B /* CategoryCollectionViewCell.swift */,
			);
			path = View;
			sourceTree = "<group>";
		};
		DF21D3052991CC2300EA6FAB /* Controller */ = {
			isa = PBXGroup;
			children = (
				DF21D310299243FE00EA6FAB /* LoginWithEmailViewController.swift */,
				DF21D3122992441D00EA6FAB /* SignUpViewController.swift */,
				DF21D3142992442E00EA6FAB /* HomeViewController.swift */,
				DF21D3162992444A00EA6FAB /* TransactionDetailedViewController.swift */,
				DF233D4E29986FE80038DE52 /* InputTransactionTableViewController.swift */,
				DFD7DBA92B24750B00F0760B /* SelectCategoryViewController.swift */,
				DF86E76C29AC2B5700E912D9 /* DataController.swift */,
				DFD7DBA72B1BE01F00F0760B /* MenuViewController.swift */,
				DFCE90B72B737E29007A9DDC /* AboutViewController.swift */,
				DF21D31A2992448300EA6FAB /* UserSettingsViewController.swift */,
			);
			path = Controller;
			sourceTree = "<group>";
		};
		DF7BDE1029939412004696BB /* SupportFiles */ = {
			isa = PBXGroup;
			children = (
				DF9A38F529D41CCE00291940 /* Extentions.swift */,
				DF9A38F729D41D7A00291940 /* PasswordValidatonObj.swift */,
				DF7BDE112993942D004696BB /* Constants.swift */,
				DF15E0B1299A0DE50020340A /* CustomColors.swift */,
			);
			path = SupportFiles;
			sourceTree = "<group>";
		};
/* End PBXGroup section */

/* Begin PBXNativeTarget section */
		DF21D2CF29906A4200EA6FAB /* BudgetManager */ = {
			isa = PBXNativeTarget;
			buildConfigurationList = DF21D2FA29906A4400EA6FAB /* Build configuration list for PBXNativeTarget "BudgetManager" */;
			buildPhases = (
				933B4031904A4B40721EE836 /* [CP] Check Pods Manifest.lock */,
				DF21D2CC29906A4200EA6FAB /* Sources */,
				DF21D2CD29906A4200EA6FAB /* Frameworks */,
				DF21D2CE29906A4200EA6FAB /* Resources */,
				CCC3042090A8E5EBB40966CB /* [CP] Embed Pods Frameworks */,
			);
			buildRules = (
			);
			dependencies = (
			);
			name = BudgetManager;
			productName = BudgetManager;
			productReference = DF21D2D029906A4200EA6FAB /* BudgetManager.app */;
			productType = "com.apple.product-type.application";
		};
		DF21D2E529906A4400EA6FAB /* BudgetManagerTests */ = {
			isa = PBXNativeTarget;
			buildConfigurationList = DF21D2FD29906A4400EA6FAB /* Build configuration list for PBXNativeTarget "BudgetManagerTests" */;
			buildPhases = (
				8A5E5B7B21F2AAA1C3AE6A2F /* [CP] Check Pods Manifest.lock */,
				DF21D2E229906A4400EA6FAB /* Sources */,
				DF21D2E329906A4400EA6FAB /* Frameworks */,
				DF21D2E429906A4400EA6FAB /* Resources */,
			);
			buildRules = (
			);
			dependencies = (
				DF21D2E829906A4400EA6FAB /* PBXTargetDependency */,
			);
			name = BudgetManagerTests;
			productName = BudgetManagerTests;
			productReference = DF21D2E629906A4400EA6FAB /* BudgetManagerTests.xctest */;
			productType = "com.apple.product-type.bundle.unit-test";
		};
		DF21D2EF29906A4400EA6FAB /* BudgetManagerUITests */ = {
			isa = PBXNativeTarget;
			buildConfigurationList = DF21D30029906A4400EA6FAB /* Build configuration list for PBXNativeTarget "BudgetManagerUITests" */;
			buildPhases = (
				E0849CA548AAB076ED81EB6D /* [CP] Check Pods Manifest.lock */,
				DF21D2EC29906A4400EA6FAB /* Sources */,
				DF21D2ED29906A4400EA6FAB /* Frameworks */,
				DF21D2EE29906A4400EA6FAB /* Resources */,
				775DF38F4EA43E02E184C1B0 /* [CP] Embed Pods Frameworks */,
			);
			buildRules = (
			);
			dependencies = (
				DF21D2F229906A4400EA6FAB /* PBXTargetDependency */,
			);
			name = BudgetManagerUITests;
			productName = BudgetManagerUITests;
			productReference = DF21D2F029906A4400EA6FAB /* BudgetManagerUITests.xctest */;
			productType = "com.apple.product-type.bundle.ui-testing";
		};
/* End PBXNativeTarget section */

/* Begin PBXProject section */
		DF21D2C829906A4200EA6FAB /* Project object */ = {
			isa = PBXProject;
			attributes = {
				BuildIndependentTargetsInParallel = 1;
				LastSwiftUpdateCheck = 1420;
				LastUpgradeCheck = 1520;
				TargetAttributes = {
					DF21D2CF29906A4200EA6FAB = {
						CreatedOnToolsVersion = 14.2;
					};
					DF21D2E529906A4400EA6FAB = {
						CreatedOnToolsVersion = 14.2;
						TestTargetID = DF21D2CF29906A4200EA6FAB;
					};
					DF21D2EF29906A4400EA6FAB = {
						CreatedOnToolsVersion = 14.2;
						TestTargetID = DF21D2CF29906A4200EA6FAB;
					};
				};
			};
			buildConfigurationList = DF21D2CB29906A4200EA6FAB /* Build configuration list for PBXProject "BudgetManager" */;
			compatibilityVersion = "Xcode 13.0";
			developmentRegion = en;
			hasScannedForEncodings = 0;
			knownRegions = (
				en,
				Base,
			);
			mainGroup = DF21D2C729906A4200EA6FAB;
			productRefGroup = DF21D2D129906A4200EA6FAB /* Products */;
			projectDirPath = "";
			projectRoot = "";
			targets = (
				DF21D2CF29906A4200EA6FAB /* BudgetManager */,
				DF21D2E529906A4400EA6FAB /* BudgetManagerTests */,
				DF21D2EF29906A4400EA6FAB /* BudgetManagerUITests */,
			);
		};
/* End PBXProject section */

/* Begin PBXResourcesBuildPhase section */
		DF21D2CE29906A4200EA6FAB /* Resources */ = {
			isa = PBXResourcesBuildPhase;
			buildActionMask = 2147483647;
			files = (
				DF21D2E029906A4400EA6FAB /* LaunchScreen.storyboard in Resources */,
				DF57CDB22A11ADF200958474 /* GoogleService-Info.plist in Resources */,
				DF21D2DD29906A4400EA6FAB /* Assets.xcassets in Resources */,
				DF21D2DB29906A4200EA6FAB /* Main.storyboard in Resources */,
				DFF348532A007F6E0022C684 /* credentials.plist in Resources */,
			);
			runOnlyForDeploymentPostprocessing = 0;
		};
		DF21D2E429906A4400EA6FAB /* Resources */ = {
			isa = PBXResourcesBuildPhase;
			buildActionMask = 2147483647;
			files = (
			);
			runOnlyForDeploymentPostprocessing = 0;
		};
		DF21D2EE29906A4400EA6FAB /* Resources */ = {
			isa = PBXResourcesBuildPhase;
			buildActionMask = 2147483647;
			files = (
			);
			runOnlyForDeploymentPostprocessing = 0;
		};
/* End PBXResourcesBuildPhase section */

/* Begin PBXShellScriptBuildPhase section */
		775DF38F4EA43E02E184C1B0 /* [CP] Embed Pods Frameworks */ = {
			isa = PBXShellScriptBuildPhase;
			buildActionMask = 2147483647;
			files = (
			);
			inputFileListPaths = (
				"${PODS_ROOT}/Target Support Files/Pods-BudgetManager-BudgetManagerUITests/Pods-BudgetManager-BudgetManagerUITests-frameworks-${CONFIGURATION}-input-files.xcfilelist",
			);
			name = "[CP] Embed Pods Frameworks";
			outputFileListPaths = (
				"${PODS_ROOT}/Target Support Files/Pods-BudgetManager-BudgetManagerUITests/Pods-BudgetManager-BudgetManagerUITests-frameworks-${CONFIGURATION}-output-files.xcfilelist",
			);
			runOnlyForDeploymentPostprocessing = 0;
			shellPath = /bin/sh;
			shellScript = "\"${PODS_ROOT}/Target Support Files/Pods-BudgetManager-BudgetManagerUITests/Pods-BudgetManager-BudgetManagerUITests-frameworks.sh\"\n";
			showEnvVarsInLog = 0;
		};
		8A5E5B7B21F2AAA1C3AE6A2F /* [CP] Check Pods Manifest.lock */ = {
			isa = PBXShellScriptBuildPhase;
			buildActionMask = 2147483647;
			files = (
			);
			inputFileListPaths = (
			);
			inputPaths = (
				"${PODS_PODFILE_DIR_PATH}/Podfile.lock",
				"${PODS_ROOT}/Manifest.lock",
			);
			name = "[CP] Check Pods Manifest.lock";
			outputFileListPaths = (
			);
			outputPaths = (
				"$(DERIVED_FILE_DIR)/Pods-BudgetManagerTests-checkManifestLockResult.txt",
			);
			runOnlyForDeploymentPostprocessing = 0;
			shellPath = /bin/sh;
			shellScript = "diff \"${PODS_PODFILE_DIR_PATH}/Podfile.lock\" \"${PODS_ROOT}/Manifest.lock\" > /dev/null\nif [ $? != 0 ] ; then\n    # print error to STDERR\n    echo \"error: The sandbox is not in sync with the Podfile.lock. Run 'pod install' or update your CocoaPods installation.\" >&2\n    exit 1\nfi\n# This output is used by Xcode 'outputs' to avoid re-running this script phase.\necho \"SUCCESS\" > \"${SCRIPT_OUTPUT_FILE_0}\"\n";
			showEnvVarsInLog = 0;
		};
		933B4031904A4B40721EE836 /* [CP] Check Pods Manifest.lock */ = {
			isa = PBXShellScriptBuildPhase;
			buildActionMask = 2147483647;
			files = (
			);
			inputFileListPaths = (
			);
			inputPaths = (
				"${PODS_PODFILE_DIR_PATH}/Podfile.lock",
				"${PODS_ROOT}/Manifest.lock",
			);
			name = "[CP] Check Pods Manifest.lock";
			outputFileListPaths = (
			);
			outputPaths = (
				"$(DERIVED_FILE_DIR)/Pods-BudgetManager-checkManifestLockResult.txt",
			);
			runOnlyForDeploymentPostprocessing = 0;
			shellPath = /bin/sh;
			shellScript = "diff \"${PODS_PODFILE_DIR_PATH}/Podfile.lock\" \"${PODS_ROOT}/Manifest.lock\" > /dev/null\nif [ $? != 0 ] ; then\n    # print error to STDERR\n    echo \"error: The sandbox is not in sync with the Podfile.lock. Run 'pod install' or update your CocoaPods installation.\" >&2\n    exit 1\nfi\n# This output is used by Xcode 'outputs' to avoid re-running this script phase.\necho \"SUCCESS\" > \"${SCRIPT_OUTPUT_FILE_0}\"\n";
			showEnvVarsInLog = 0;
		};
		CCC3042090A8E5EBB40966CB /* [CP] Embed Pods Frameworks */ = {
			isa = PBXShellScriptBuildPhase;
			buildActionMask = 2147483647;
			files = (
			);
			inputFileListPaths = (
				"${PODS_ROOT}/Target Support Files/Pods-BudgetManager/Pods-BudgetManager-frameworks-${CONFIGURATION}-input-files.xcfilelist",
			);
			name = "[CP] Embed Pods Frameworks";
			outputFileListPaths = (
				"${PODS_ROOT}/Target Support Files/Pods-BudgetManager/Pods-BudgetManager-frameworks-${CONFIGURATION}-output-files.xcfilelist",
			);
			runOnlyForDeploymentPostprocessing = 0;
			shellPath = /bin/sh;
			shellScript = "\"${PODS_ROOT}/Target Support Files/Pods-BudgetManager/Pods-BudgetManager-frameworks.sh\"\n";
			showEnvVarsInLog = 0;
		};
		E0849CA548AAB076ED81EB6D /* [CP] Check Pods Manifest.lock */ = {
			isa = PBXShellScriptBuildPhase;
			buildActionMask = 2147483647;
			files = (
			);
			inputFileListPaths = (
			);
			inputPaths = (
				"${PODS_PODFILE_DIR_PATH}/Podfile.lock",
				"${PODS_ROOT}/Manifest.lock",
			);
			name = "[CP] Check Pods Manifest.lock";
			outputFileListPaths = (
			);
			outputPaths = (
				"$(DERIVED_FILE_DIR)/Pods-BudgetManager-BudgetManagerUITests-checkManifestLockResult.txt",
			);
			runOnlyForDeploymentPostprocessing = 0;
			shellPath = /bin/sh;
			shellScript = "diff \"${PODS_PODFILE_DIR_PATH}/Podfile.lock\" \"${PODS_ROOT}/Manifest.lock\" > /dev/null\nif [ $? != 0 ] ; then\n    # print error to STDERR\n    echo \"error: The sandbox is not in sync with the Podfile.lock. Run 'pod install' or update your CocoaPods installation.\" >&2\n    exit 1\nfi\n# This output is used by Xcode 'outputs' to avoid re-running this script phase.\necho \"SUCCESS\" > \"${SCRIPT_OUTPUT_FILE_0}\"\n";
			showEnvVarsInLog = 0;
		};
/* End PBXShellScriptBuildPhase section */

/* Begin PBXSourcesBuildPhase section */
		DF21D2CC29906A4200EA6FAB /* Sources */ = {
			isa = PBXSourcesBuildPhase;
			buildActionMask = 2147483647;
			files = (
				DF233D4F29986FE80038DE52 /* InputTransactionTableViewController.swift in Sources */,
				DF21D3092991CE6800EA6FAB /* Wallet.swift in Sources */,
				DFD7DBAA2B24750B00F0760B /* SelectCategoryViewController.swift in Sources */,
				DF21D31B2992448300EA6FAB /* UserSettingsViewController.swift in Sources */,
				DF15E0AC2998FAF00020340A /* CustomButton.swift in Sources */,
				DF15E0B0299A0BB90020340A /* CustomSegmentedControl.swift in Sources */,
				DF21D30D2991CE8600EA6FAB /* Transactions.swift in Sources */,
				DF86E76D29AC2B5700E912D9 /* DataController.swift in Sources */,
				DF80C0F729B549780025A37B /* CategoryCollectionViewCell.swift in Sources */,
				DF21D2D429906A4200EA6FAB /* AppDelegate.swift in Sources */,
				DF21D2D629906A4200EA6FAB /* SceneDelegate.swift in Sources */,
				DFB571FC29A31B2900B92639 /* TransactionsTableViewCell.swift in Sources */,
				DF21D3152992442E00EA6FAB /* HomeViewController.swift in Sources */,
				DF21D3172992444A00EA6FAB /* TransactionDetailedViewController.swift in Sources */,
				DF21D311299243FE00EA6FAB /* LoginWithEmailViewController.swift in Sources */,
				DF7BDE122993942D004696BB /* Constants.swift in Sources */,
				DF15E0AE2998FDDE0020340A /* CustomTxtField.swift in Sources */,
				DF21D3132992441D00EA6FAB /* SignUpViewController.swift in Sources */,
				DF15E0B2299A0DE50020340A /* CustomColors.swift in Sources */,
				DF21D3072991CE5600EA6FAB /* Customer.swift in Sources */,
				DFD7DBA82B1BE01F00F0760B /* MenuViewController.swift in Sources */,
				DF9A38F829D41D7A00291940 /* PasswordValidatonObj.swift in Sources */,
				DF9A38F629D41CCF00291940 /* Extentions.swift in Sources */,
				DFCE90B82B737E29007A9DDC /* AboutViewController.swift in Sources */,
				DFF3485029ECA61B0022C684 /* APIError.swift in Sources */,
				DF21D30B2991CE7800EA6FAB /* Categories.swift in Sources */,
			);
			runOnlyForDeploymentPostprocessing = 0;
		};
		DF21D2E229906A4400EA6FAB /* Sources */ = {
			isa = PBXSourcesBuildPhase;
			buildActionMask = 2147483647;
			files = (
				DF21D2EB29906A4400EA6FAB /* BudgetManagerTests.swift in Sources */,
			);
			runOnlyForDeploymentPostprocessing = 0;
		};
		DF21D2EC29906A4400EA6FAB /* Sources */ = {
			isa = PBXSourcesBuildPhase;
			buildActionMask = 2147483647;
			files = (
				DF21D2F529906A4400EA6FAB /* BudgetManagerUITests.swift in Sources */,
				DF21D2F729906A4400EA6FAB /* BudgetManagerUITestsLaunchTests.swift in Sources */,
			);
			runOnlyForDeploymentPostprocessing = 0;
		};
/* End PBXSourcesBuildPhase section */

/* Begin PBXTargetDependency section */
		DF21D2E829906A4400EA6FAB /* PBXTargetDependency */ = {
			isa = PBXTargetDependency;
			target = DF21D2CF29906A4200EA6FAB /* BudgetManager */;
			targetProxy = DF21D2E729906A4400EA6FAB /* PBXContainerItemProxy */;
		};
		DF21D2F229906A4400EA6FAB /* PBXTargetDependency */ = {
			isa = PBXTargetDependency;
			target = DF21D2CF29906A4200EA6FAB /* BudgetManager */;
			targetProxy = DF21D2F129906A4400EA6FAB /* PBXContainerItemProxy */;
		};
/* End PBXTargetDependency section */

/* Begin PBXVariantGroup section */
		DF21D2D929906A4200EA6FAB /* Main.storyboard */ = {
			isa = PBXVariantGroup;
			children = (
				DF21D2DA29906A4200EA6FAB /* Base */,
			);
			name = Main.storyboard;
			sourceTree = "<group>";
		};
		DF21D2DE29906A4400EA6FAB /* LaunchScreen.storyboard */ = {
			isa = PBXVariantGroup;
			children = (
				DF21D2DF29906A4400EA6FAB /* Base */,
			);
			name = LaunchScreen.storyboard;
			sourceTree = "<group>";
		};
/* End PBXVariantGroup section */

/* Begin XCBuildConfiguration section */
		DF21D2F829906A4400EA6FAB /* Debug */ = {
			isa = XCBuildConfiguration;
			buildSettings = {
				ALWAYS_SEARCH_USER_PATHS = NO;
				CLANG_ANALYZER_NONNULL = YES;
				CLANG_ANALYZER_NUMBER_OBJECT_CONVERSION = YES_AGGRESSIVE;
				CLANG_CXX_LANGUAGE_STANDARD = "gnu++20";
				CLANG_ENABLE_MODULES = YES;
				CLANG_ENABLE_OBJC_ARC = YES;
				CLANG_ENABLE_OBJC_WEAK = YES;
				CLANG_WARN_BLOCK_CAPTURE_AUTORELEASING = YES;
				CLANG_WARN_BOOL_CONVERSION = YES;
				CLANG_WARN_COMMA = YES;
				CLANG_WARN_CONSTANT_CONVERSION = YES;
				CLANG_WARN_DEPRECATED_OBJC_IMPLEMENTATIONS = YES;
				CLANG_WARN_DIRECT_OBJC_ISA_USAGE = YES_ERROR;
				CLANG_WARN_DOCUMENTATION_COMMENTS = YES;
				CLANG_WARN_EMPTY_BODY = YES;
				CLANG_WARN_ENUM_CONVERSION = YES;
				CLANG_WARN_INFINITE_RECURSION = YES;
				CLANG_WARN_INT_CONVERSION = YES;
				CLANG_WARN_NON_LITERAL_NULL_CONVERSION = YES;
				CLANG_WARN_OBJC_IMPLICIT_RETAIN_SELF = YES;
				CLANG_WARN_OBJC_LITERAL_CONVERSION = YES;
				CLANG_WARN_OBJC_ROOT_CLASS = YES_ERROR;
				CLANG_WARN_QUOTED_INCLUDE_IN_FRAMEWORK_HEADER = YES;
				CLANG_WARN_RANGE_LOOP_ANALYSIS = YES;
				CLANG_WARN_STRICT_PROTOTYPES = YES;
				CLANG_WARN_SUSPICIOUS_MOVE = YES;
				CLANG_WARN_UNGUARDED_AVAILABILITY = YES_AGGRESSIVE;
				CLANG_WARN_UNREACHABLE_CODE = YES;
				CLANG_WARN__DUPLICATE_METHOD_MATCH = YES;
				COPY_PHASE_STRIP = NO;
				DEBUG_INFORMATION_FORMAT = dwarf;
				ENABLE_STRICT_OBJC_MSGSEND = YES;
				ENABLE_TESTABILITY = YES;
				ENABLE_USER_SCRIPT_SANDBOXING = NO;
				GCC_C_LANGUAGE_STANDARD = gnu11;
				GCC_DYNAMIC_NO_PIC = NO;
				GCC_NO_COMMON_BLOCKS = YES;
				GCC_OPTIMIZATION_LEVEL = 0;
				GCC_PREPROCESSOR_DEFINITIONS = (
					"DEBUG=1",
					"$(inherited)",
				);
				GCC_WARN_64_TO_32_BIT_CONVERSION = YES;
				GCC_WARN_ABOUT_RETURN_TYPE = YES_ERROR;
				GCC_WARN_UNDECLARED_SELECTOR = YES;
				GCC_WARN_UNINITIALIZED_AUTOS = YES_AGGRESSIVE;
				GCC_WARN_UNUSED_FUNCTION = YES;
				GCC_WARN_UNUSED_VARIABLE = YES;
				IPHONEOS_DEPLOYMENT_TARGET = 16.2;
				MTL_ENABLE_DEBUG_INFO = INCLUDE_SOURCE;
				MTL_FAST_MATH = YES;
				ONLY_ACTIVE_ARCH = YES;
				SDKROOT = iphoneos;
				SWIFT_ACTIVE_COMPILATION_CONDITIONS = DEBUG;
				SWIFT_OPTIMIZATION_LEVEL = "-Onone";
			};
			name = Debug;
		};
		DF21D2F929906A4400EA6FAB /* Release */ = {
			isa = XCBuildConfiguration;
			buildSettings = {
				ALWAYS_SEARCH_USER_PATHS = NO;
				CLANG_ANALYZER_NONNULL = YES;
				CLANG_ANALYZER_NUMBER_OBJECT_CONVERSION = YES_AGGRESSIVE;
				CLANG_CXX_LANGUAGE_STANDARD = "gnu++20";
				CLANG_ENABLE_MODULES = YES;
				CLANG_ENABLE_OBJC_ARC = YES;
				CLANG_ENABLE_OBJC_WEAK = YES;
				CLANG_WARN_BLOCK_CAPTURE_AUTORELEASING = YES;
				CLANG_WARN_BOOL_CONVERSION = YES;
				CLANG_WARN_COMMA = YES;
				CLANG_WARN_CONSTANT_CONVERSION = YES;
				CLANG_WARN_DEPRECATED_OBJC_IMPLEMENTATIONS = YES;
				CLANG_WARN_DIRECT_OBJC_ISA_USAGE = YES_ERROR;
				CLANG_WARN_DOCUMENTATION_COMMENTS = YES;
				CLANG_WARN_EMPTY_BODY = YES;
				CLANG_WARN_ENUM_CONVERSION = YES;
				CLANG_WARN_INFINITE_RECURSION = YES;
				CLANG_WARN_INT_CONVERSION = YES;
				CLANG_WARN_NON_LITERAL_NULL_CONVERSION = YES;
				CLANG_WARN_OBJC_IMPLICIT_RETAIN_SELF = YES;
				CLANG_WARN_OBJC_LITERAL_CONVERSION = YES;
				CLANG_WARN_OBJC_ROOT_CLASS = YES_ERROR;
				CLANG_WARN_QUOTED_INCLUDE_IN_FRAMEWORK_HEADER = YES;
				CLANG_WARN_RANGE_LOOP_ANALYSIS = YES;
				CLANG_WARN_STRICT_PROTOTYPES = YES;
				CLANG_WARN_SUSPICIOUS_MOVE = YES;
				CLANG_WARN_UNGUARDED_AVAILABILITY = YES_AGGRESSIVE;
				CLANG_WARN_UNREACHABLE_CODE = YES;
				CLANG_WARN__DUPLICATE_METHOD_MATCH = YES;
				COPY_PHASE_STRIP = NO;
				DEBUG_INFORMATION_FORMAT = "dwarf-with-dsym";
				ENABLE_NS_ASSERTIONS = NO;
				ENABLE_STRICT_OBJC_MSGSEND = YES;
				ENABLE_USER_SCRIPT_SANDBOXING = NO;
				GCC_C_LANGUAGE_STANDARD = gnu11;
				GCC_NO_COMMON_BLOCKS = YES;
				GCC_WARN_64_TO_32_BIT_CONVERSION = YES;
				GCC_WARN_ABOUT_RETURN_TYPE = YES_ERROR;
				GCC_WARN_UNDECLARED_SELECTOR = YES;
				GCC_WARN_UNINITIALIZED_AUTOS = YES_AGGRESSIVE;
				GCC_WARN_UNUSED_FUNCTION = YES;
				GCC_WARN_UNUSED_VARIABLE = YES;
				IPHONEOS_DEPLOYMENT_TARGET = 16.2;
				MTL_ENABLE_DEBUG_INFO = NO;
				MTL_FAST_MATH = YES;
				SDKROOT = iphoneos;
				SWIFT_COMPILATION_MODE = wholemodule;
				SWIFT_OPTIMIZATION_LEVEL = "-O";
				VALIDATE_PRODUCT = YES;
			};
			name = Release;
		};
		DF21D2FB29906A4400EA6FAB /* Debug */ = {
			isa = XCBuildConfiguration;
			baseConfigurationReference = 1022543324FC43F4115007DA /* Pods-BudgetManager.debug.xcconfig */;
			buildSettings = {
				ASSETCATALOG_COMPILER_APPICON_NAME = AppIcon;
				ASSETCATALOG_COMPILER_GLOBAL_ACCENT_COLOR_NAME = AccentColor;
				CODE_SIGN_ENTITLEMENTS = BudgetManager/BudgetManager.entitlements;
				CODE_SIGN_STYLE = Automatic;
				CURRENT_PROJECT_VERSION = 1;
				DEVELOPMENT_TEAM = ZY9DNBTZ6S;
				GENERATE_INFOPLIST_FILE = YES;
				INFOPLIST_FILE = BudgetManager/Info.plist;
				INFOPLIST_KEY_LSApplicationCategoryType = "public.app-category.finance";
				INFOPLIST_KEY_NSCameraUsageDescription = "Budget Manager need access to your camera to take the picture";
				INFOPLIST_KEY_NSPhotoLibraryUsageDescription = "Budget Manager need access to yout library to pick the photo you chose";
				INFOPLIST_KEY_UIApplicationSupportsIndirectInputEvents = YES;
				INFOPLIST_KEY_UILaunchStoryboardName = LaunchScreen;
				INFOPLIST_KEY_UIMainStoryboardFile = Main;
				INFOPLIST_KEY_UISupportedInterfaceOrientations = UIInterfaceOrientationPortrait;
				INFOPLIST_KEY_UISupportedInterfaceOrientations_iPad = "UIInterfaceOrientationLandscapeLeft UIInterfaceOrientationLandscapeRight UIInterfaceOrientationPortrait";
				IPHONEOS_DEPLOYMENT_TARGET = 15.0;
				LD_RUNPATH_SEARCH_PATHS = (
					"$(inherited)",
					"@executable_path/Frameworks",
				);
				MARKETING_VERSION = 1.0;
				PRODUCT_BUNDLE_IDENTIFIER = com.jadson.BudgetManager;
				PRODUCT_NAME = "$(TARGET_NAME)";
				SWIFT_EMIT_LOC_STRINGS = YES;
				SWIFT_VERSION = 5.0;
				TARGETED_DEVICE_FAMILY = "1,2";
			};
			name = Debug;
		};
		DF21D2FC29906A4400EA6FAB /* Release */ = {
			isa = XCBuildConfiguration;
			baseConfigurationReference = 98A304706846E95161151B99 /* Pods-BudgetManager.release.xcconfig */;
			buildSettings = {
				ASSETCATALOG_COMPILER_APPICON_NAME = AppIcon;
				ASSETCATALOG_COMPILER_GLOBAL_ACCENT_COLOR_NAME = AccentColor;
				CODE_SIGN_ENTITLEMENTS = BudgetManager/BudgetManager.entitlements;
				CODE_SIGN_STYLE = Automatic;
				CURRENT_PROJECT_VERSION = 1;
				DEVELOPMENT_TEAM = ZY9DNBTZ6S;
				GENERATE_INFOPLIST_FILE = YES;
				INFOPLIST_FILE = BudgetManager/Info.plist;
				INFOPLIST_KEY_LSApplicationCategoryType = "public.app-category.finance";
				INFOPLIST_KEY_NSCameraUsageDescription = "Budget Manager need access to your camera to take the picture";
				INFOPLIST_KEY_NSPhotoLibraryUsageDescription = "Budget Manager need access to yout library to pick the photo you chose";
				INFOPLIST_KEY_UIApplicationSupportsIndirectInputEvents = YES;
				INFOPLIST_KEY_UILaunchStoryboardName = LaunchScreen;
				INFOPLIST_KEY_UIMainStoryboardFile = Main;
				INFOPLIST_KEY_UISupportedInterfaceOrientations = UIInterfaceOrientationPortrait;
				INFOPLIST_KEY_UISupportedInterfaceOrientations_iPad = "UIInterfaceOrientationLandscapeLeft UIInterfaceOrientationLandscapeRight UIInterfaceOrientationPortrait";
				IPHONEOS_DEPLOYMENT_TARGET = 15.0;
				LD_RUNPATH_SEARCH_PATHS = (
					"$(inherited)",
					"@executable_path/Frameworks",
				);
				MARKETING_VERSION = 1.0;
				PRODUCT_BUNDLE_IDENTIFIER = com.jadson.BudgetManager;
				PRODUCT_NAME = "$(TARGET_NAME)";
				SWIFT_EMIT_LOC_STRINGS = YES;
				SWIFT_VERSION = 5.0;
				TARGETED_DEVICE_FAMILY = "1,2";
			};
			name = Release;
		};
		DF21D2FE29906A4400EA6FAB /* Debug */ = {
			isa = XCBuildConfiguration;
			baseConfigurationReference = 7F0B2F7038C8A2338DE5F95C /* Pods-BudgetManagerTests.debug.xcconfig */;
			buildSettings = {
				ALWAYS_EMBED_SWIFT_STANDARD_LIBRARIES = YES;
				BUNDLE_LOADER = "$(TEST_HOST)";
				CODE_SIGN_STYLE = Automatic;
				CURRENT_PROJECT_VERSION = 1;
				DEVELOPMENT_TEAM = ZY9DNBTZ6S;
				GENERATE_INFOPLIST_FILE = YES;
				IPHONEOS_DEPLOYMENT_TARGET = 16.2;
				MARKETING_VERSION = 1.0;
				PRODUCT_BUNDLE_IDENTIFIER = com.jadson.BudgetManagerTests;
				PRODUCT_NAME = "$(TARGET_NAME)";
				SWIFT_EMIT_LOC_STRINGS = NO;
				SWIFT_VERSION = 5.0;
				TARGETED_DEVICE_FAMILY = "1,2";
				TEST_HOST = "$(BUILT_PRODUCTS_DIR)/BudgetManager.app/$(BUNDLE_EXECUTABLE_FOLDER_PATH)/BudgetManager";
			};
			name = Debug;
		};
		DF21D2FF29906A4400EA6FAB /* Release */ = {
			isa = XCBuildConfiguration;
			baseConfigurationReference = 41BE46E80AB85DC59157C861 /* Pods-BudgetManagerTests.release.xcconfig */;
			buildSettings = {
				ALWAYS_EMBED_SWIFT_STANDARD_LIBRARIES = YES;
				BUNDLE_LOADER = "$(TEST_HOST)";
				CODE_SIGN_STYLE = Automatic;
				CURRENT_PROJECT_VERSION = 1;
				DEVELOPMENT_TEAM = ZY9DNBTZ6S;
				GENERATE_INFOPLIST_FILE = YES;
				IPHONEOS_DEPLOYMENT_TARGET = 16.2;
				MARKETING_VERSION = 1.0;
				PRODUCT_BUNDLE_IDENTIFIER = com.jadson.BudgetManagerTests;
				PRODUCT_NAME = "$(TARGET_NAME)";
				SWIFT_EMIT_LOC_STRINGS = NO;
				SWIFT_VERSION = 5.0;
				TARGETED_DEVICE_FAMILY = "1,2";
				TEST_HOST = "$(BUILT_PRODUCTS_DIR)/BudgetManager.app/$(BUNDLE_EXECUTABLE_FOLDER_PATH)/BudgetManager";
			};
			name = Release;
		};
		DF21D30129906A4400EA6FAB /* Debug */ = {
			isa = XCBuildConfiguration;
			baseConfigurationReference = 266FF94B476A24CA16F3C643 /* Pods-BudgetManager-BudgetManagerUITests.debug.xcconfig */;
			buildSettings = {
				ALWAYS_EMBED_SWIFT_STANDARD_LIBRARIES = YES;
				CODE_SIGN_STYLE = Automatic;
				CURRENT_PROJECT_VERSION = 1;
				DEVELOPMENT_TEAM = ZY9DNBTZ6S;
				GENERATE_INFOPLIST_FILE = YES;
				MARKETING_VERSION = 1.0;
				PRODUCT_BUNDLE_IDENTIFIER = com.jadson.BudgetManagerUITests;
				PRODUCT_NAME = "$(TARGET_NAME)";
				SWIFT_EMIT_LOC_STRINGS = NO;
				SWIFT_VERSION = 5.0;
				TARGETED_DEVICE_FAMILY = "1,2";
				TEST_TARGET_NAME = BudgetManager;
			};
			name = Debug;
		};
		DF21D30229906A4400EA6FAB /* Release */ = {
			isa = XCBuildConfiguration;
			baseConfigurationReference = 3ADF3040D75EC88B14D6D735 /* Pods-BudgetManager-BudgetManagerUITests.release.xcconfig */;
			buildSettings = {
				ALWAYS_EMBED_SWIFT_STANDARD_LIBRARIES = YES;
				CODE_SIGN_STYLE = Automatic;
				CURRENT_PROJECT_VERSION = 1;
				DEVELOPMENT_TEAM = ZY9DNBTZ6S;
				GENERATE_INFOPLIST_FILE = YES;
				MARKETING_VERSION = 1.0;
				PRODUCT_BUNDLE_IDENTIFIER = com.jadson.BudgetManagerUITests;
				PRODUCT_NAME = "$(TARGET_NAME)";
				SWIFT_EMIT_LOC_STRINGS = NO;
				SWIFT_VERSION = 5.0;
				TARGETED_DEVICE_FAMILY = "1,2";
				TEST_TARGET_NAME = BudgetManager;
			};
			name = Release;
		};
/* End XCBuildConfiguration section */

/* Begin XCConfigurationList section */
		DF21D2CB29906A4200EA6FAB /* Build configuration list for PBXProject "BudgetManager" */ = {
			isa = XCConfigurationList;
			buildConfigurations = (
				DF21D2F829906A4400EA6FAB /* Debug */,
				DF21D2F929906A4400EA6FAB /* Release */,
			);
			defaultConfigurationIsVisible = 0;
			defaultConfigurationName = Release;
		};
		DF21D2FA29906A4400EA6FAB /* Build configuration list for PBXNativeTarget "BudgetManager" */ = {
			isa = XCConfigurationList;
			buildConfigurations = (
				DF21D2FB29906A4400EA6FAB /* Debug */,
				DF21D2FC29906A4400EA6FAB /* Release */,
			);
			defaultConfigurationIsVisible = 0;
			defaultConfigurationName = Release;
		};
		DF21D2FD29906A4400EA6FAB /* Build configuration list for PBXNativeTarget "BudgetManagerTests" */ = {
			isa = XCConfigurationList;
			buildConfigurations = (
				DF21D2FE29906A4400EA6FAB /* Debug */,
				DF21D2FF29906A4400EA6FAB /* Release */,
			);
			defaultConfigurationIsVisible = 0;
			defaultConfigurationName = Release;
		};
		DF21D30029906A4400EA6FAB /* Build configuration list for PBXNativeTarget "BudgetManagerUITests" */ = {
			isa = XCConfigurationList;
			buildConfigurations = (
				DF21D30129906A4400EA6FAB /* Debug */,
				DF21D30229906A4400EA6FAB /* Release */,
			);
			defaultConfigurationIsVisible = 0;
			defaultConfigurationName = Release;
		};
/* End XCConfigurationList section */
	};
	rootObject = DF21D2C829906A4200EA6FAB /* Project object */;
}
